
Microsoft Visual Studio Solution File, Format Version 12.00
# Visual Studio 15
VisualStudioVersion = 15.0.28307.489
MinimumVisualStudioVersion = 10.0.40219.1
Project("{FAE04EC0-301F-11D3-BF4B-00C04F79EFBC}") = "TeamCityApplication", "TeamCityApplication\TeamCityApplication.csproj", "{876CF3D7-F0DF-4211-BB7A-32CE69F38E12}"
EndProject
Global
	GlobalSection(SolutionConfigurationPlatforms) = preSolution
		Debug|Any CPU = Debug|Any CPU
		Release|Any CPU = Release|Any CPU
	EndGlobalSection
	GlobalSection(ProjectConfigurationPlatforms) = postSolution
		{876CF3D7-F0DF-4211-BB7A-32CE69F38E12}.Debug|Any CPU.ActiveCfg = Debug|Any CPU
		{876CF3D7-F0DF-4211-BB7A-32CE69F38E12}.Debug|Any CPU.Build.0 = Debug|Any CPU
		{876CF3D7-F0DF-4211-BB7A-32CE69F38E12}.Release|Any CPU.ActiveCfg = Release|Any CPU
		{876CF3D7-F0DF-4211-BB7A-32CE69F38E12}.Release|Any CPU.Build.0 = Release|Any CPU
	EndGlobalSection
	GlobalSection(SolutionProperties) = preSolution
		HideSolutionNode = FALSE
	EndGlobalSection
	GlobalSection(ExtensibilityGlobals) = postSolution
		SolutionGuid = {839396D5-D7FF-4315-910B-847327E33711}
	EndGlobalSection
EndGlobal
